
Microsoft Visual Studio Solution File, Format Version 11.00
# Visual Studio 2010
Project("{FAE04EC0-301F-11D3-BF4B-00C04F79EFBC}") = "ECS Sprite Renderer", "Assembly-CSharp.csproj", "{FD11F9F0-7960-A0E0-C69A-AE1EA6B1929F}"
EndProject
Global
	GlobalSection(SolutionConfigurationPlatforms) = preSolution
		Debug|Any CPU = Debug|Any CPU
		Release|Any CPU = Release|Any CPU
	EndGlobalSection
	GlobalSection(ProjectConfigurationPlatforms) = postSolution
		{FD11F9F0-7960-A0E0-C69A-AE1EA6B1929F}.Debug|Any CPU.ActiveCfg = Debug|Any CPU
		{FD11F9F0-7960-A0E0-C69A-AE1EA6B1929F}.Debug|Any CPU.Build.0 = Debug|Any CPU
		{FD11F9F0-7960-A0E0-C69A-AE1EA6B1929F}.Release|Any CPU.ActiveCfg = Release|Any CPU
		{FD11F9F0-7960-A0E0-C69A-AE1EA6B1929F}.Release|Any CPU.Build.0 = Release|Any CPU
	EndGlobalSection
	GlobalSection(SolutionProperties) = preSolution
		HideSolutionNode = FALSE
	EndGlobalSection
	GlobalSection(MonoDevelopProperties) = preSolution
		StartupItem = Assembly-CSharp.csproj
	EndGlobalSection
EndGlobal
